// !$*UTF8*$!
{
	archiveVersion = 1;
	classes = {
	};
	objectVersion = 46;
	objects = {

/* Begin PBXBuildFile section */
		6D14D27A1986E86A00E1396F /* AppDelegate.swift in Sources */ = {isa = PBXBuildFile; fileRef = 6D14D2791986E86A00E1396F /* AppDelegate.swift */; };
		6D14D27C1986E86A00E1396F /* ViewController.swift in Sources */ = {isa = PBXBuildFile; fileRef = 6D14D27B1986E86A00E1396F /* ViewController.swift */; };
		6D14D27F1986E86A00E1396F /* Main.storyboard in Resources */ = {isa = PBXBuildFile; fileRef = 6D14D27D1986E86A00E1396F /* Main.storyboard */; };
		6D14D2811986E86A00E1396F /* Images.xcassets in Resources */ = {isa = PBXBuildFile; fileRef = 6D14D2801986E86A00E1396F /* Images.xcassets */; };
		6D14D28D1986E86B00E1396F /* ModelClassTests.swift in Sources */ = {isa = PBXBuildFile; fileRef = 6D14D28C1986E86B00E1396F /* ModelClassTests.swift */; };
/* End PBXBuildFile section */

/* Begin PBXContainerItemProxy section */
		6D14D2871986E86B00E1396F /* PBXContainerItemProxy */ = {
			isa = PBXContainerItemProxy;
			containerPortal = 6D14D26C1986E86A00E1396F /* Project object */;
			proxyType = 1;
			remoteGlobalIDString = 6D14D2731986E86A00E1396F;
			remoteInfo = ModelClass;
		};
/* End PBXContainerItemProxy section */

/* Begin PBXFileReference section */
		6D14D2741986E86A00E1396F /* ModelClass.app */ = {isa = PBXFileReference; explicitFileType = wrapper.application; includeInIndex = 0; path = ModelClass.app; sourceTree = BUILT_PRODUCTS_DIR; };
		6D14D2781986E86A00E1396F /* Info.plist */ = {isa = PBXFileReference; lastKnownFileType = text.plist.xml; path = Info.plist; sourceTree = "<group>"; };
		6D14D2791986E86A00E1396F /* AppDelegate.swift */ = {isa = PBXFileReference; lastKnownFileType = sourcecode.swift; path = AppDelegate.swift; sourceTree = "<group>"; };
		6D14D27B1986E86A00E1396F /* ViewController.swift */ = {isa = PBXFileReference; lastKnownFileType = sourcecode.swift; path = ViewController.swift; sourceTree = "<group>"; };
		6D14D27E1986E86A00E1396F /* Base */ = {isa = PBXFileReference; lastKnownFileType = file.storyboard; name = Base; path = Base.lproj/Main.storyboard; sourceTree = "<group>"; };
		6D14D2801986E86A00E1396F /* Images.xcassets */ = {isa = PBXFileReference; lastKnownFileType = folder.assetcatalog; path = Images.xcassets; sourceTree = "<group>"; };
		6D14D2861986E86B00E1396F /* ModelClassTests.xctest */ = {isa = PBXFileReference; explicitFileType = wrapper.cfbundle; includeInIndex = 0; path = ModelClassTests.xctest; sourceTree = BUILT_PRODUCTS_DIR; };
		6D14D28B1986E86B00E1396F /* Info.plist */ = {isa = PBXFileReference; lastKnownFileType = text.plist.xml; path = Info.plist; sourceTree = "<group>"; };
		6D14D28C1986E86B00E1396F /* ModelClassTests.swift */ = {isa = PBXFileReference; lastKnownFileType = sourcecode.swift; path = ModelClassTests.swift; sourceTree = "<group>"; };
/* End PBXFileReference section */

/* Begin PBXFrameworksBuildPhase section */
		6D14D2711986E86A00E1396F /* Frameworks */ = {
			isa = PBXFrameworksBuildPhase;
			buildActionMask = 2147483647;
			files = (
			);
			runOnlyForDeploymentPostprocessing = 0;
		};
		6D14D2831986E86B00E1396F /* Frameworks */ = {
			isa = PBXFrameworksBuildPhase;
			buildActionMask = 2147483647;
			files = (
			);
			runOnlyForDeploymentPostprocessing = 0;
		};
/* End PBXFrameworksBuildPhase section */

/* Begin PBXGroup section */
		6D14D26B1986E86A00E1396F = {
			isa = PBXGroup;
			children = (
				6D14D2761986E86A00E1396F /* ModelClass */,
				6D14D2891986E86B00E1396F /* ModelClassTests */,
				6D14D2751986E86A00E1396F /* Products */,
			);
			sourceTree = "<group>";
		};
		6D14D2751986E86A00E1396F /* Products */ = {
			isa = PBXGroup;
			children = (
				6D14D2741986E86A00E1396F /* ModelClass.app */,
				6D14D2861986E86B00E1396F /* ModelClassTests.xctest */,
			);
			name = Products;
			sourceTree = "<group>";
		};
		6D14D2761986E86A00E1396F /* ModelClass */ = {
			isa = PBXGroup;
			children = (
				6D14D2791986E86A00E1396F /* AppDelegate.swift */,
				6D14D27B1986E86A00E1396F /* ViewController.swift */,
				6D14D27D1986E86A00E1396F /* Main.storyboard */,
				6D14D2801986E86A00E1396F /* Images.xcassets */,
				6D14D2771986E86A00E1396F /* Supporting Files */,
			);
			path = ModelClass;
			sourceTree = "<group>";
		};
		6D14D2771986E86A00E1396F /* Supporting Files */ = {
			isa = PBXGroup;
			children = (
				6D14D2781986E86A00E1396F /* Info.plist */,
			);
			name = "Supporting Files";
			sourceTree = "<group>";
		};
		6D14D2891986E86B00E1396F /* ModelClassTests */ = {
			isa = PBXGroup;
			children = (
				6D14D28C1986E86B00E1396F /* ModelClassTests.swift */,
				6D14D28A1986E86B00E1396F /* Supporting Files */,
			);
			path = ModelClassTests;
			sourceTree = "<group>";
		};
		6D14D28A1986E86B00E1396F /* Supporting Files */ = {
			isa = PBXGroup;
			children = (
				6D14D28B1986E86B00E1396F /* Info.plist */,
			);
			name = "Supporting Files";
			sourceTree = "<group>";
		};
/* End PBXGroup section */

/* Begin PBXNativeTarget section */
		6D14D2731986E86A00E1396F /* ModelClass */ = {
			isa = PBXNativeTarget;
			buildConfigurationList = 6D14D2901986E86B00E1396F /* Build configuration list for PBXNativeTarget "ModelClass" */;
			buildPhases = (
				6D14D2701986E86A00E1396F /* Sources */,
				6D14D2711986E86A00E1396F /* Frameworks */,
				6D14D2721986E86A00E1396F /* Resources */,
			);
			buildRules = (
			);
			dependencies = (
			);
			name = ModelClass;
			productName = ModelClass;
			productReference = 6D14D2741986E86A00E1396F /* ModelClass.app */;
			productType = "com.apple.product-type.application";
		};
		6D14D2851986E86B00E1396F /* ModelClassTests */ = {
			isa = PBXNativeTarget;
			buildConfigurationList = 6D14D2931986E86B00E1396F /* Build configuration list for PBXNativeTarget "ModelClassTests" */;
			buildPhases = (
				6D14D2821986E86B00E1396F /* Sources */,
				6D14D2831986E86B00E1396F /* Frameworks */,
				6D14D2841986E86B00E1396F /* Resources */,
			);
			buildRules = (
			);
			dependencies = (
				6D14D2881986E86B00E1396F /* PBXTargetDependency */,
			);
			name = ModelClassTests;
			productName = ModelClassTests;
			productReference = 6D14D2861986E86B00E1396F /* ModelClassTests.xctest */;
			productType = "com.apple.product-type.bundle.unit-test";
		};
/* End PBXNativeTarget section */

/* Begin PBXProject section */
		6D14D26C1986E86A00E1396F /* Project object */ = {
			isa = PBXProject;
			attributes = {
				LastUpgradeCheck = 0600;
				ORGANIZATIONNAME = "Dan Hoang";
				TargetAttributes = {
					6D14D2731986E86A00E1396F = {
						CreatedOnToolsVersion = 6.0;
					};
					6D14D2851986E86B00E1396F = {
						CreatedOnToolsVersion = 6.0;
						TestTargetID = 6D14D2731986E86A00E1396F;
					};
				};
			};
			buildConfigurationList = 6D14D26F1986E86A00E1396F /* Build configuration list for PBXProject "ModelClass" */;
			compatibilityVersion = "Xcode 3.2";
			developmentRegion = English;
			hasScannedForEncodings = 0;
			knownRegions = (
				en,
				Base,
			);
			mainGroup = 6D14D26B1986E86A00E1396F;
			productRefGroup = 6D14D2751986E86A00E1396F /* Products */;
			projectDirPath = "";
			projectRoot = "";
			targets = (
				6D14D2731986E86A00E1396F /* ModelClass */,
				6D14D2851986E86B00E1396F /* ModelClassTests */,
			);
		};
/* End PBXProject section */

/* Begin PBXResourcesBuildPhase section */
		6D14D2721986E86A00E1396F /* Resources */ = {
			isa = PBXResourcesBuildPhase;
			buildActionMask = 2147483647;
			files = (
				6D14D27F1986E86A00E1396F /* Main.storyboard in Resources */,
				6D14D2811986E86A00E1396F /* Images.xcassets in Resources */,
			);
			runOnlyForDeploymentPostprocessing = 0;
		};
		6D14D2841986E86B00E1396F /* Resources */ = {
			isa = PBXResourcesBuildPhase;
			buildActionMask = 2147483647;
			files = (
			);
			runOnlyForDeploymentPostprocessing = 0;
		};
/* End PBXResourcesBuildPhase section */

/* Begin PBXSourcesBuildPhase section */
		6D14D2701986E86A00E1396F /* Sources */ = {
			isa = PBXSourcesBuildPhase;
			buildActionMask = 2147483647;
			files = (
				6D14D27C1986E86A00E1396F /* ViewController.swift in Sources */,
				6D14D27A1986E86A00E1396F /* AppDelegate.swift in Sources */,
			);
			runOnlyForDeploymentPostprocessing = 0;
		};
		6D14D2821986E86B00E1396F /* Sources */ = {
			isa = PBXSourcesBuildPhase;
			buildActionMask = 2147483647;
			files = (
				6D14D28D1986E86B00E1396F /* ModelClassTests.swift in Sources */,
			);
			runOnlyForDeploymentPostprocessing = 0;
		};
/* End PBXSourcesBuildPhase section */

/* Begin PBXTargetDependency section */
		6D14D2881986E86B00E1396F /* PBXTargetDependency */ = {
			isa = PBXTargetDependency;
			target = 6D14D2731986E86A00E1396F /* ModelClass */;
			targetProxy = 6D14D2871986E86B00E1396F /* PBXContainerItemProxy */;
		};
/* End PBXTargetDependency section */

/* Begin PBXVariantGroup section */
		6D14D27D1986E86A00E1396F /* Main.storyboard */ = {
			isa = PBXVariantGroup;
			children = (
				6D14D27E1986E86A00E1396F /* Base */,
			);
			name = Main.storyboard;
			sourceTree = "<group>";
		};
/* End PBXVariantGroup section */

/* Begin XCBuildConfiguration section */
		6D14D28E1986E86B00E1396F /* Debug */ = {
			isa = XCBuildConfiguration;
			buildSettings = {
				ALWAYS_SEARCH_USER_PATHS = NO;
				CLANG_CXX_LANGUAGE_STANDARD = "gnu++0x";
				CLANG_CXX_LIBRARY = "libc++";
				CLANG_ENABLE_MODULES = YES;
				CLANG_ENABLE_OBJC_ARC = YES;
				CLANG_WARN_BOOL_CONVERSION = YES;
				CLANG_WARN_CONSTANT_CONVERSION = YES;
				CLANG_WARN_DIRECT_OBJC_ISA_USAGE = YES_ERROR;
				CLANG_WARN_EMPTY_BODY = YES;
				CLANG_WARN_ENUM_CONVERSION = YES;
				CLANG_WARN_INT_CONVERSION = YES;
				CLANG_WARN_OBJC_ROOT_CLASS = YES_ERROR;
				CLANG_WARN_UNREACHABLE_CODE = YES;
				CLANG_WARN__DUPLICATE_METHOD_MATCH = YES;
				"CODE_SIGN_IDENTITY[sdk=iphoneos*]" = "iPhone Developer";
				COPY_PHASE_STRIP = NO;
				ENABLE_STRICT_OBJC_MSGSEND = YES;
				GCC_C_LANGUAGE_STANDARD = gnu99;
				GCC_DYNAMIC_NO_PIC = NO;
				GCC_OPTIMIZATION_LEVEL = 0;
				GCC_PREPROCESSOR_DEFINITIONS = (
					"DEBUG=1",
					"$(inherited)",
				);
				GCC_SYMBOLS_PRIVATE_EXTERN = NO;
				GCC_WARN_64_TO_32_BIT_CONVERSION = YES;
				GCC_WARN_ABOUT_RETURN_TYPE = YES_ERROR;
				GCC_WARN_UNDECLARED_SELECTOR = YES;
				GCC_WARN_UNINITIALIZED_AUTOS = YES_AGGRESSIVE;
				GCC_WARN_UNUSED_FUNCTION = YES;
				GCC_WARN_UNUSED_VARIABLE = YES;
				IPHONEOS_DEPLOYMENT_TARGET = 8.0;
				MTL_ENABLE_DEBUG_INFO = YES;
				ONLY_ACTIVE_ARCH = YES;
				SDKROOT = iphoneos;
				SWIFT_OPTIMIZATION_LEVEL = "-Onone";
				TARGETED_DEVICE_FAMILY = "1,2";
			};
			name = Debug;
		};
		6D14D28F1986E86B00E1396F /* Release */ = {
			isa = XCBuildConfiguration;
			buildSettings = {
				ALWAYS_SEARCH_USER_PATHS = NO;
				CLANG_CXX_LANGUAGE_STANDARD = "gnu++0x";
				CLANG_CXX_LIBRARY = "libc++";
				CLANG_ENABLE_MODULES = YES;
				CLANG_ENABLE_OBJC_ARC = YES;
				CLANG_WARN_BOOL_CONVERSION = YES;
				CLANG_WARN_CONSTANT_CONVERSION = YES;
				CLANG_WARN_DIRECT_OBJC_ISA_USAGE = YES_ERROR;
				CLANG_WARN_EMPTY_BODY = YES;
				CLANG_WARN_ENUM_CONVERSION = YES;
				CLANG_WARN_INT_CONVERSION = YES;
				CLANG_WARN_OBJC_ROOT_CLASS = YES_ERROR;
				CLANG_WARN_UNREACHABLE_CODE = YES;
				CLANG_WARN__DUPLICATE_METHOD_MATCH = YES;
				"CODE_SIGN_IDENTITY[sdk=iphoneos*]" = "iPhone Developer";
				COPY_PHASE_STRIP = YES;
				ENABLE_NS_ASSERTIONS = NO;
				ENABLE_STRICT_OBJC_MSGSEND = YES;
				GCC_C_LANGUAGE_STANDARD = gnu99;
				GCC_WARN_64_TO_32_BIT_CONVERSION = YES;
				GCC_WARN_ABOUT_RETURN_TYPE = YES_ERROR;
				GCC_WARN_UNDECLARED_SELECTOR = YES;
				GCC_WARN_UNINITIALIZED_AUTOS = YES_AGGRESSIVE;
				GCC_WARN_UNUSED_FUNCTION = YES;
				GCC_WARN_UNUSED_VARIABLE = YES;
				IPHONEOS_DEPLOYMENT_TARGET = 8.0;
				MTL_ENABLE_DEBUG_INFO = NO;
				SDKROOT = iphoneos;
				TARGETED_DEVICE_FAMILY = "1,2";
				VALIDATE_PRODUCT = YES;
			};
			name = Release;
		};
		6D14D2911986E86B00E1396F /* Debug */ = {
			isa = XCBuildConfiguration;
			buildSettings = {
				ASSETCATALOG_COMPILER_APPICON_NAME = AppIcon;
				ASSETCATALOG_COMPILER_LAUNCHIMAGE_NAME = LaunchImage;
				INFOPLIST_FILE = ModelClass/Info.plist;
				LD_RUNPATH_SEARCH_PATHS = "$(inherited) @executable_path/Frameworks";
				PRODUCT_NAME = "$(TARGET_NAME)";
			};
			name = Debug;
		};
		6D14D2921986E86B00E1396F /* Release */ = {
			isa = XCBuildConfiguration;
			buildSettings = {
				ASSETCATALOG_COMPILER_APPICON_NAME = AppIcon;
				ASSETCATALOG_COMPILER_LAUNCHIMAGE_NAME = LaunchImage;
				INFOPLIST_FILE = ModelClass/Info.plist;
				LD_RUNPATH_SEARCH_PATHS = "$(inherited) @executable_path/Frameworks";
				PRODUCT_NAME = "$(TARGET_NAME)";
			};
			name = Release;
		};
		6D14D2941986E86B00E1396F /* Debug */ = {
			isa = XCBuildConfiguration;
			buildSettings = {
				BUNDLE_LOADER = "$(BUILT_PRODUCTS_DIR)/ModelClass.app/ModelClass";
				FRAMEWORK_SEARCH_PATHS = (
					"$(SDKROOT)/Developer/Library/Frameworks",
					"$(inherited)",
				);
				GCC_PREPROCESSOR_DEFINITIONS = (
					"DEBUG=1",
					"$(inherited)",
				);
				INFOPLIST_FILE = ModelClassTests/Info.plist;
				LD_RUNPATH_SEARCH_PATHS = "$(inherited) @executable_path/Frameworks @loader_path/Frameworks";
				PRODUCT_NAME = "$(TARGET_NAME)";
				TEST_HOST = "$(BUNDLE_LOADER)";
			};
			name = Debug;
		};
		6D14D2951986E86B00E1396F /* Release */ = {
			isa = XCBuildConfiguration;
			buildSettings = {
				BUNDLE_LOADER = "$(BUILT_PRODUCTS_DIR)/ModelClass.app/ModelClass";
				FRAMEWORK_SEARCH_PATHS = (
					"$(SDKROOT)/Developer/Library/Frameworks",
					"$(inherited)",
				);
				INFOPLIST_FILE = ModelClassTests/Info.plist;
				LD_RUNPATH_SEARCH_PATHS = "$(inherited) @executable_path/Frameworks @loader_path/Frameworks";
				PRODUCT_NAME = "$(TARGET_NAME)";
				TEST_HOST = "$(BUNDLE_LOADER)";
			};
			name = Release;
		};
/* End XCBuildConfiguration section */

/* Begin XCConfigurationList section */
		6D14D26F1986E86A00E1396F /* Build configuration list for PBXProject "ModelClass" */ = {
			isa = XCConfigurationList;
			buildConfigurations = (
				6D14D28E1986E86B00E1396F /* Debug */,
				6D14D28F1986E86B00E1396F /* Release */,
			);
			defaultConfigurationIsVisible = 0;
			defaultConfigurationName = Release;
		};
		6D14D2901986E86B00E1396F /* Build configuration list for PBXNativeTarget "ModelClass" */ = {
			isa = XCConfigurationList;
			buildConfigurations = (
				6D14D2911986E86B00E1396F /* Debug */,
				6D14D2921986E86B00E1396F /* Release */,
			);
			defaultConfigurationIsVisible = 0;
		};
		6D14D2931986E86B00E1396F /* Build configuration list for PBXNativeTarget "ModelClassTests" */ = {
			isa = XCConfigurationList;
			buildConfigurations = (
				6D14D2941986E86B00E1396F /* Debug */,
				6D14D2951986E86B00E1396F /* Release */,
			);
			defaultConfigurationIsVisible = 0;
		};
/* End XCConfigurationList section */
	};
	rootObject = 6D14D26C1986E86A00E1396F /* Project object */;
}
